{
    "_meta": {
        "hash": {
            "sha256": "c6f0ed9b282c77b6d2e962014925c69ab2761357e69c4d980577c40492f18de2"
        },
        "pipfile-spec": 6,
        "requires": {
            "python_version": "3.7"
        },
        "sources": [
            {
                "name": "pypi",
                "url": "https://pypi.org/simple",
                "verify_ssl": true
            }
        ]
    },
    "default": {
        "credcheck": {
            "editable": true,
            "path": "."
        },
        "e1839a8": {
            "editable": true,
            "path": "."
        }
    },
    "develop": {}
}
